
Microsoft Visual Studio Solution File, Format Version 12.00
# Visual Studio Version 16
VisualStudioVersion = 16.0.29613.14
MinimumVisualStudioVersion = 10.0.40219.1
Project("{8BC9CEB8-8B4A-11D0-8D11-00A0C91BC942}") = "Sandbox", "Sandbox\Sandbox.vcxproj", "{C8A3CB09-AA81-4C8F-AA62-1992661BDB8B}"
EndProject
Project("{8BC9CEB8-8B4A-11D0-8D11-00A0C91BC942}") = "Tron", "Tron\Tron.vcxproj", "{5FC96A9C-D3E1-4692-B7FF-A46F7A7182B9}"
EndProject
Global
	GlobalSection(SolutionConfigurationPlatforms) = preSolution
		Debug|x64 = Debug|x64
		Release|x64 = Release|x64
	EndGlobalSection
	GlobalSection(ProjectConfigurationPlatforms) = postSolution
		{5FC96A9C-D3E1-4692-B7FF-A46F7A7182B9}.Debug|x64.ActiveCfg = Debug|x64
		{5FC96A9C-D3E1-4692-B7FF-A46F7A7182B9}.Debug|x64.Build.0 = Debug|x64
		{5FC96A9C-D3E1-4692-B7FF-A46F7A7182B9}.Release|x64.ActiveCfg = Release|x64
		{5FC96A9C-D3E1-4692-B7FF-A46F7A7182B9}.Release|x64.Build.0 = Release|x64
		{C8A3CB09-AA81-4C8F-AA62-1992661BDB8B}.Debug|x64.ActiveCfg = Debug|x64
		{C8A3CB09-AA81-4C8F-AA62-1992661BDB8B}.Debug|x64.Build.0 = Debug|x64
		{C8A3CB09-AA81-4C8F-AA62-1992661BDB8B}.Release|x64.ActiveCfg = Release|x64
		{C8A3CB09-AA81-4C8F-AA62-1992661BDB8B}.Release|x64.Build.0 = Release|x64
	EndGlobalSection
	GlobalSection(SolutionProperties) = preSolution
		HideSolutionNode = FALSE
	EndGlobalSection
	GlobalSection(ExtensibilityGlobals) = postSolution
		SolutionGuid = {334934F9-6895-4FE3-9770-8759E6B4093A}
	EndGlobalSection
EndGlobal
