<?xml version="1.0" encoding="utf-8"?>
<Project ToolsVersion="4.0" xmlns="http://schemas.microsoft.com/developer/msbuild/2003">
  <ItemGroup>
    <Filter Include="inc">
      <UniqueIdentifier>{1F80880B-8B89-887C-1405-9F7C800D947C}</UniqueIdentifier>
    </Filter>
    <Filter Include="inc\core">
      <UniqueIdentifier>{F71BB360-E3E8-0D6C-0C02-FC13F82D43FA}</UniqueIdentifier>
    </Filter>
    <Filter Include="inc\events">
      <UniqueIdentifier>{43070C5F-2FBF-4DAC-98C6-2608849DE89C}</UniqueIdentifier>
    </Filter>
    <Filter Include="inc\platform">
      <UniqueIdentifier>{73EB486E-5F4E-D812-08D4-10C9F415A495}</UniqueIdentifier>
    </Filter>
    <Filter Include="inc\platform\windows">
      <UniqueIdentifier>{CDF03FEB-B97F-C9B4-629E-DDAF4E0CDA5A}</UniqueIdentifier>
    </Filter>
    <Filter Include="libs">
      <UniqueIdentifier>{2F149A7C-1B4B-9B0D-C437-8110B04D170F}</UniqueIdentifier>
    </Filter>
    <Filter Include="libs\GLFW">
      <UniqueIdentifier>{CEC42385-3A2F-D8FB-836D-89A1EF16B650}</UniqueIdentifier>
    </Filter>
    <Filter Include="libs\GLFW\deps">
      <UniqueIdentifier>{A907304A-95D5-2350-7E69-94766AD6FFB4}</UniqueIdentifier>
    </Filter>
    <Filter Include="libs\GLFW\deps\glad">
      <UniqueIdentifier>{500C110A-BC6D-EE17-45DB-34CAB13B25D7}</UniqueIdentifier>
    </Filter>
    <Filter Include="libs\GLFW\deps\mingw">
      <UniqueIdentifier>{5ABC9D4C-464B-2716-EF69-3B11DBD737BC}</UniqueIdentifier>
    </Filter>
    <Filter Include="libs\GLFW\deps\vs2008">
      <UniqueIdentifier>{ABD0E6F5-173D-A2F0-E030-3A4E4C5CC458}</UniqueIdentifier>
    </Filter>
    <Filter Include="libs\GLFW\include">
      <UniqueIdentifier>{41DA57F5-ADF0-558B-F667-E1AC62BD2613}</UniqueIdentifier>
    </Filter>
    <Filter Include="libs\GLFW\include\GLFW">
      <UniqueIdentifier>{20266A03-0C20-9355-F58C-2966E125F9C1}</UniqueIdentifier>
    </Filter>
    <Filter Include="libs\GLFW\src">
      <UniqueIdentifier>{E5391148-51FA-8C7E-1A35-D6FB86B4D15A}</UniqueIdentifier>
    </Filter>
    <Filter Include="libs\spdlog">
      <UniqueIdentifier>{877967C6-F32E-E0BB-7C23-DA92E8D7D6BF}</UniqueIdentifier>
    </Filter>
    <Filter Include="libs\spdlog\bench">
      <UniqueIdentifier>{165D1D0B-8273-1BA1-CBEA-A6C23740EC28}</UniqueIdentifier>
    </Filter>
    <Filter Include="libs\spdlog\include">
      <UniqueIdentifier>{FA37FD76-6699-DA84-EF06-21375B671144}</UniqueIdentifier>
    </Filter>
    <Filter Include="libs\spdlog\include\spdlog">
      <UniqueIdentifier>{F20AB92B-DE1A-65FC-47D4-C91A33035495}</UniqueIdentifier>
    </Filter>
    <Filter Include="libs\spdlog\include\spdlog\details">
      <UniqueIdentifier>{67CD9E34-5309-A29E-BC1B-BA95A8764AB9}</UniqueIdentifier>
    </Filter>
    <Filter Include="libs\spdlog\include\spdlog\fmt">
      <UniqueIdentifier>{28BA6426-14E0-2E8D-FD25-B458E9EA5359}</UniqueIdentifier>
    </Filter>
    <Filter Include="libs\spdlog\include\spdlog\fmt\bundled">
      <UniqueIdentifier>{1581BCD8-01D3-93C8-EAF1-D0D8D6E2ACB1}</UniqueIdentifier>
    </Filter>
    <Filter Include="libs\spdlog\include\spdlog\sinks">
      <UniqueIdentifier>{E9E56453-D536-5095-FE9A-3E57EA4AE3FE}</UniqueIdentifier>
    </Filter>
    <Filter Include="libs\spdlog\tests">
      <UniqueIdentifier>{A92D630C-1544-61A2-5EBB-ECC3CA10322A}</UniqueIdentifier>
    </Filter>
    <Filter Include="src">
      <UniqueIdentifier>{2DAB880B-99B4-887C-2230-9F7C8E38947C}</UniqueIdentifier>
    </Filter>
    <Filter Include="src\core">
      <UniqueIdentifier>{C55F2ECF-B12C-89DA-DA45-7782C671BE68}</UniqueIdentifier>
    </Filter>
    <Filter Include="src\platform">
      <UniqueIdentifier>{41663D6D-2DC9-CC11-D64E-05C8C2909894}</UniqueIdentifier>
    </Filter>
    <Filter Include="src\platform\windows">
      <UniqueIdentifier>{9B5931A8-87E8-BA71-3007-CF6C1C75CB17}</UniqueIdentifier>
    </Filter>
  </ItemGroup>
  <ItemGroup>
    <ClInclude Include="Tron.h" />
    <ClInclude Include="inc\core\Application.h">
      <Filter>inc\core</Filter>
    </ClInclude>
    <ClInclude Include="inc\core\Core.h">
      <Filter>inc\core</Filter>
    </ClInclude>
    <ClInclude Include="inc\core\EntryPoint.h">
      <Filter>inc\core</Filter>
    </ClInclude>
    <ClInclude Include="inc\core\Log.h">
      <Filter>inc\core</Filter>
    </ClInclude>
    <ClInclude Include="inc\core\Window.h">
      <Filter>inc\core</Filter>
    </ClInclude>
    <ClInclude Include="inc\events\ApplicationEvent.h">
      <Filter>inc\events</Filter>
    </ClInclude>
    <ClInclude Include="inc\events\Event.h">
      <Filter>inc\events</Filter>
    </ClInclude>
    <ClInclude Include="inc\events\KeyEvent.h">
      <Filter>inc\events</Filter>
    </ClInclude>
    <ClInclude Include="inc\events\MouseEvent.h">
      <Filter>inc\events</Filter>
    </ClInclude>
    <ClInclude Include="inc\platform\windows\WindowsWindow.h">
      <Filter>inc\platform\windows</Filter>
    </ClInclude>
    <ClInclude Include="inc\tronpch.h">
      <Filter>inc</Filter>
    </ClInclude>
    <ClInclude Include="libs\GLFW\deps\getopt.h">
      <Filter>libs\GLFW\deps</Filter>
    </ClInclude>
    <ClInclude Include="libs\GLFW\deps\glad\gl.h">
      <Filter>libs\GLFW\deps\glad</Filter>
    </ClInclude>
    <ClInclude Include="libs\GLFW\deps\glad\khrplatform.h">
      <Filter>libs\GLFW\deps\glad</Filter>
    </ClInclude>
    <ClInclude Include="libs\GLFW\deps\glad\vk_platform.h">
      <Filter>libs\GLFW\deps\glad</Filter>
    </ClInclude>
    <ClInclude Include="libs\GLFW\deps\glad\vulkan.h">
      <Filter>libs\GLFW\deps\glad</Filter>
    </ClInclude>
    <ClInclude Include="libs\GLFW\deps\linmath.h">
      <Filter>libs\GLFW\deps</Filter>
    </ClInclude>
    <ClInclude Include="libs\GLFW\deps\mingw\_mingw_dxhelper.h">
      <Filter>libs\GLFW\deps\mingw</Filter>
    </ClInclude>
    <ClInclude Include="libs\GLFW\deps\mingw\dinput.h">
      <Filter>libs\GLFW\deps\mingw</Filter>
    </ClInclude>
    <ClInclude Include="libs\GLFW\deps\mingw\xinput.h">
      <Filter>libs\GLFW\deps\mingw</Filter>
    </ClInclude>
    <ClInclude Include="libs\GLFW\deps\nuklear.h">
      <Filter>libs\GLFW\deps</Filter>
    </ClInclude>
    <ClInclude Include="libs\GLFW\deps\nuklear_glfw_gl2.h">
      <Filter>libs\GLFW\deps</Filter>
    </ClInclude>
    <ClInclude Include="libs\GLFW\deps\stb_image_write.h">
      <Filter>libs\GLFW\deps</Filter>
    </ClInclude>
    <ClInclude Include="libs\GLFW\deps\tinycthread.h">
      <Filter>libs\GLFW\deps</Filter>
    </ClInclude>
    <ClInclude Include="libs\GLFW\deps\vs2008\stdint.h">
      <Filter>libs\GLFW\deps\vs2008</Filter>
    </ClInclude>
    <ClInclude Include="libs\GLFW\include\GLFW\glfw3.h">
      <Filter>libs\GLFW\include\GLFW</Filter>
    </ClInclude>
    <ClInclude Include="libs\GLFW\include\GLFW\glfw3native.h">
      <Filter>libs\GLFW\include\GLFW</Filter>
    </ClInclude>
    <ClInclude Include="libs\GLFW\src\cocoa_joystick.h">
      <Filter>libs\GLFW\src</Filter>
    </ClInclude>
    <ClInclude Include="libs\GLFW\src\cocoa_platform.h">
      <Filter>libs\GLFW\src</Filter>
    </ClInclude>
    <ClInclude Include="libs\GLFW\src\egl_context.h">
      <Filter>libs\GLFW\src</Filter>
    </ClInclude>
    <ClInclude Include="libs\GLFW\src\glx_context.h">
      <Filter>libs\GLFW\src</Filter>
    </ClInclude>
    <ClInclude Include="libs\GLFW\src\internal.h">
      <Filter>libs\GLFW\src</Filter>
    </ClInclude>
    <ClInclude Include="libs\GLFW\src\linux_joystick.h">
      <Filter>libs\GLFW\src</Filter>
    </ClInclude>
    <ClInclude Include="libs\GLFW\src\mappings.h">
      <Filter>libs\GLFW\src</Filter>
    </ClInclude>
    <ClInclude Include="libs\GLFW\src\nsgl_context.h">
      <Filter>libs\GLFW\src</Filter>
    </ClInclude>
    <ClInclude Include="libs\GLFW\src\null_joystick.h">
      <Filter>libs\GLFW\src</Filter>
    </ClInclude>
    <ClInclude Include="libs\GLFW\src\null_platform.h">
      <Filter>libs\GLFW\src</Filter>
    </ClInclude>
    <ClInclude Include="libs\GLFW\src\osmesa_context.h">
      <Filter>libs\GLFW\src</Filter>
    </ClInclude>
    <ClInclude Include="libs\GLFW\src\posix_thread.h">
      <Filter>libs\GLFW\src</Filter>
    </ClInclude>
    <ClInclude Include="libs\GLFW\src\posix_time.h">
      <Filter>libs\GLFW\src</Filter>
    </ClInclude>
    <ClInclude Include="libs\GLFW\src\wgl_context.h">
      <Filter>libs\GLFW\src</Filter>
    </ClInclude>
    <ClInclude Include="libs\GLFW\src\win32_joystick.h">
      <Filter>libs\GLFW\src</Filter>
    </ClInclude>
    <ClInclude Include="libs\GLFW\src\win32_platform.h">
      <Filter>libs\GLFW\src</Filter>
    </ClInclude>
    <ClInclude Include="libs\GLFW\src\wl_platform.h">
      <Filter>libs\GLFW\src</Filter>
    </ClInclude>
    <ClInclude Include="libs\GLFW\src\x11_platform.h">
      <Filter>libs\GLFW\src</Filter>
    </ClInclude>
    <ClInclude Include="libs\GLFW\src\xkb_unicode.h">
      <Filter>libs\GLFW\src</Filter>
    </ClInclude>
    <ClInclude Include="libs\spdlog\bench\utils.h">
      <Filter>libs\spdlog\bench</Filter>
    </ClInclude>
    <ClInclude Include="libs\spdlog\include\spdlog\async.h">
      <Filter>libs\spdlog\include\spdlog</Filter>
    </ClInclude>
    <ClInclude Include="libs\spdlog\include\spdlog\async_logger-inl.h">
      <Filter>libs\spdlog\include\spdlog</Filter>
    </ClInclude>
    <ClInclude Include="libs\spdlog\include\spdlog\async_logger.h">
      <Filter>libs\spdlog\include\spdlog</Filter>
    </ClInclude>
    <ClInclude Include="libs\spdlog\include\spdlog\common-inl.h">
      <Filter>libs\spdlog\include\spdlog</Filter>
    </ClInclude>
    <ClInclude Include="libs\spdlog\include\spdlog\common.h">
      <Filter>libs\spdlog\include\spdlog</Filter>
    </ClInclude>
    <ClInclude Include="libs\spdlog\include\spdlog\details\backtracer-inl.h">
      <Filter>libs\spdlog\include\spdlog\details</Filter>
    </ClInclude>
    <ClInclude Include="libs\spdlog\include\spdlog\details\backtracer.h">
      <Filter>libs\spdlog\include\spdlog\details</Filter>
    </ClInclude>
    <ClInclude Include="libs\spdlog\include\spdlog\details\circular_q.h">
      <Filter>libs\spdlog\include\spdlog\details</Filter>
    </ClInclude>
    <ClInclude Include="libs\spdlog\include\spdlog\details\console_globals.h">
      <Filter>libs\spdlog\include\spdlog\details</Filter>
    </ClInclude>
    <ClInclude Include="libs\spdlog\include\spdlog\details\file_helper-inl.h">
      <Filter>libs\spdlog\include\spdlog\details</Filter>
    </ClInclude>
    <ClInclude Include="libs\spdlog\include\spdlog\details\file_helper.h">
      <Filter>libs\spdlog\include\spdlog\details</Filter>
    </ClInclude>
    <ClInclude Include="libs\spdlog\include\spdlog\details\fmt_helper.h">
      <Filter>libs\spdlog\include\spdlog\details</Filter>
    </ClInclude>
    <ClInclude Include="libs\spdlog\include\spdlog\details\log_msg-inl.h">
      <Filter>libs\spdlog\include\spdlog\details</Filter>
    </ClInclude>
    <ClInclude Include="libs\spdlog\include\spdlog\details\log_msg.h">
      <Filter>libs\spdlog\include\spdlog\details</Filter>
    </ClInclude>
    <ClInclude Include="libs\spdlog\include\spdlog\details\log_msg_buffer-inl.h">
      <Filter>libs\spdlog\include\spdlog\details</Filter>
    </ClInclude>
    <ClInclude Include="libs\spdlog\include\spdlog\details\log_msg_buffer.h">
      <Filter>libs\spdlog\include\spdlog\details</Filter>
    </ClInclude>
    <ClInclude Include="libs\spdlog\include\spdlog\details\mpmc_blocking_q.h">
      <Filter>libs\spdlog\include\spdlog\details</Filter>
    </ClInclude>
    <ClInclude Include="libs\spdlog\include\spdlog\details\null_mutex.h">
      <Filter>libs\spdlog\include\spdlog\details</Filter>
    </ClInclude>
    <ClInclude Include="libs\spdlog\include\spdlog\details\os-inl.h">
      <Filter>libs\spdlog\include\spdlog\details</Filter>
    </ClInclude>
    <ClInclude Include="libs\spdlog\include\spdlog\details\os.h">
      <Filter>libs\spdlog\include\spdlog\details</Filter>
    </ClInclude>
    <ClInclude Include="libs\spdlog\include\spdlog\details\pattern_formatter-inl.h">
      <Filter>libs\spdlog\include\spdlog\details</Filter>
    </ClInclude>
    <ClInclude Include="libs\spdlog\include\spdlog\details\pattern_formatter.h">
      <Filter>libs\spdlog\include\spdlog\details</Filter>
    </ClInclude>
    <ClInclude Include="libs\spdlog\include\spdlog\details\periodic_worker-inl.h">
      <Filter>libs\spdlog\include\spdlog\details</Filter>
    </ClInclude>
    <ClInclude Include="libs\spdlog\include\spdlog\details\periodic_worker.h">
      <Filter>libs\spdlog\include\spdlog\details</Filter>
    </ClInclude>
    <ClInclude Include="libs\spdlog\include\spdlog\details\registry-inl.h">
      <Filter>libs\spdlog\include\spdlog\details</Filter>
    </ClInclude>
    <ClInclude Include="libs\spdlog\include\spdlog\details\registry.h">
      <Filter>libs\spdlog\include\spdlog\details</Filter>
    </ClInclude>
    <ClInclude Include="libs\spdlog\include\spdlog\details\synchronous_factory.h">
      <Filter>libs\spdlog\include\spdlog\details</Filter>
    </ClInclude>
    <ClInclude Include="libs\spdlog\include\spdlog\details\thread_pool-inl.h">
      <Filter>libs\spdlog\include\spdlog\details</Filter>
    </ClInclude>
    <ClInclude Include="libs\spdlog\include\spdlog\details\thread_pool.h">
      <Filter>libs\spdlog\include\spdlog\details</Filter>
    </ClInclude>
    <ClInclude Include="libs\spdlog\include\spdlog\fmt\bin_to_hex.h">
      <Filter>libs\spdlog\include\spdlog\fmt</Filter>
    </ClInclude>
    <ClInclude Include="libs\spdlog\include\spdlog\fmt\bundled\chrono.h">
      <Filter>libs\spdlog\include\spdlog\fmt\bundled</Filter>
    </ClInclude>
    <ClInclude Include="libs\spdlog\include\spdlog\fmt\bundled\color.h">
      <Filter>libs\spdlog\include\spdlog\fmt\bundled</Filter>
    </ClInclude>
    <ClInclude Include="libs\spdlog\include\spdlog\fmt\bundled\compile.h">
      <Filter>libs\spdlog\include\spdlog\fmt\bundled</Filter>
    </ClInclude>
    <ClInclude Include="libs\spdlog\include\spdlog\fmt\bundled\core.h">
      <Filter>libs\spdlog\include\spdlog\fmt\bundled</Filter>
    </ClInclude>
    <ClInclude Include="libs\spdlog\include\spdlog\fmt\bundled\format-inl.h">
      <Filter>libs\spdlog\include\spdlog\fmt\bundled</Filter>
    </ClInclude>
    <ClInclude Include="libs\spdlog\include\spdlog\fmt\bundled\format.h">
      <Filter>libs\spdlog\include\spdlog\fmt\bundled</Filter>
    </ClInclude>
    <ClInclude Include="libs\spdlog\include\spdlog\fmt\bundled\locale.h">
      <Filter>libs\spdlog\include\spdlog\fmt\bundled</Filter>
    </ClInclude>
    <ClInclude Include="libs\spdlog\include\spdlog\fmt\bundled\ostream.h">
      <Filter>libs\spdlog\include\spdlog\fmt\bundled</Filter>
    </ClInclude>
    <ClInclude Include="libs\spdlog\include\spdlog\fmt\bundled\posix.h">
      <Filter>libs\spdlog\include\spdlog\fmt\bundled</Filter>
    </ClInclude>
    <ClInclude Include="libs\spdlog\include\spdlog\fmt\bundled\printf.h">
      <Filter>libs\spdlog\include\spdlog\fmt\bundled</Filter>
    </ClInclude>
    <ClInclude Include="libs\spdlog\include\spdlog\fmt\bundled\ranges.h">
      <Filter>libs\spdlog\include\spdlog\fmt\bundled</Filter>
    </ClInclude>
    <ClInclude Include="libs\spdlog\include\spdlog\fmt\fmt.h">
      <Filter>libs\spdlog\include\spdlog\fmt</Filter>
    </ClInclude>
    <ClInclude Include="libs\spdlog\include\spdlog\fmt\ostr.h">
      <Filter>libs\spdlog\include\spdlog\fmt</Filter>
    </ClInclude>
    <ClInclude Include="libs\spdlog\include\spdlog\formatter.h">
      <Filter>libs\spdlog\include\spdlog</Filter>
    </ClInclude>
    <ClInclude Include="libs\spdlog\include\spdlog\logger-inl.h">
      <Filter>libs\spdlog\include\spdlog</Filter>
    </ClInclude>
    <ClInclude Include="libs\spdlog\include\spdlog\logger.h">
      <Filter>libs\spdlog\include\spdlog</Filter>
    </ClInclude>
    <ClInclude Include="libs\spdlog\include\spdlog\sinks\android_sink.h">
      <Filter>libs\spdlog\include\spdlog\sinks</Filter>
    </ClInclude>
    <ClInclude Include="libs\spdlog\include\spdlog\sinks\ansicolor_sink-inl.h">
      <Filter>libs\spdlog\include\spdlog\sinks</Filter>
    </ClInclude>
    <ClInclude Include="libs\spdlog\include\spdlog\sinks\ansicolor_sink.h">
      <Filter>libs\spdlog\include\spdlog\sinks</Filter>
    </ClInclude>
    <ClInclude Include="libs\spdlog\include\spdlog\sinks\base_sink-inl.h">
      <Filter>libs\spdlog\include\spdlog\sinks</Filter>
    </ClInclude>
    <ClInclude Include="libs\spdlog\include\spdlog\sinks\base_sink.h">
      <Filter>libs\spdlog\include\spdlog\sinks</Filter>
    </ClInclude>
    <ClInclude Include="libs\spdlog\include\spdlog\sinks\basic_file_sink-inl.h">
      <Filter>libs\spdlog\include\spdlog\sinks</Filter>
    </ClInclude>
    <ClInclude Include="libs\spdlog\include\spdlog\sinks\basic_file_sink.h">
      <Filter>libs\spdlog\include\spdlog\sinks</Filter>
    </ClInclude>
    <ClInclude Include="libs\spdlog\include\spdlog\sinks\daily_file_sink.h">
      <Filter>libs\spdlog\include\spdlog\sinks</Filter>
    </ClInclude>
    <ClInclude Include="libs\spdlog\include\spdlog\sinks\dist_sink.h">
      <Filter>libs\spdlog\include\spdlog\sinks</Filter>
    </ClInclude>
    <ClInclude Include="libs\spdlog\include\spdlog\sinks\dup_filter_sink.h">
      <Filter>libs\spdlog\include\spdlog\sinks</Filter>
    </ClInclude>
    <ClInclude Include="libs\spdlog\include\spdlog\sinks\msvc_sink.h">
      <Filter>libs\spdlog\include\spdlog\sinks</Filter>
    </ClInclude>
    <ClInclude Include="libs\spdlog\include\spdlog\sinks\null_sink.h">
      <Filter>libs\spdlog\include\spdlog\sinks</Filter>
    </ClInclude>
    <ClInclude Include="libs\spdlog\include\spdlog\sinks\ostream_sink.h">
      <Filter>libs\spdlog\include\spdlog\sinks</Filter>
    </ClInclude>
    <ClInclude Include="libs\spdlog\include\spdlog\sinks\ringbuffer_sink.h">
      <Filter>libs\spdlog\include\spdlog\sinks</Filter>
    </ClInclude>
    <ClInclude Include="libs\spdlog\include\spdlog\sinks\rotating_file_sink-inl.h">
      <Filter>libs\spdlog\include\spdlog\sinks</Filter>
    </ClInclude>
    <ClInclude Include="libs\spdlog\include\spdlog\sinks\rotating_file_sink.h">
      <Filter>libs\spdlog\include\spdlog\sinks</Filter>
    </ClInclude>
    <ClInclude Include="libs\spdlog\include\spdlog\sinks\sink-inl.h">
      <Filter>libs\spdlog\include\spdlog\sinks</Filter>
    </ClInclude>
    <ClInclude Include="libs\spdlog\include\spdlog\sinks\sink.h">
      <Filter>libs\spdlog\include\spdlog\sinks</Filter>
    </ClInclude>
    <ClInclude Include="libs\spdlog\include\spdlog\sinks\stdout_color_sinks-inl.h">
      <Filter>libs\spdlog\include\spdlog\sinks</Filter>
    </ClInclude>
    <ClInclude Include="libs\spdlog\include\spdlog\sinks\stdout_color_sinks.h">
      <Filter>libs\spdlog\include\spdlog\sinks</Filter>
    </ClInclude>
    <ClInclude Include="libs\spdlog\include\spdlog\sinks\stdout_sinks-inl.h">
      <Filter>libs\spdlog\include\spdlog\sinks</Filter>
    </ClInclude>
    <ClInclude Include="libs\spdlog\include\spdlog\sinks\stdout_sinks.h">
      <Filter>libs\spdlog\include\spdlog\sinks</Filter>
    </ClInclude>
    <ClInclude Include="libs\spdlog\include\spdlog\sinks\syslog_sink.h">
      <Filter>libs\spdlog\include\spdlog\sinks</Filter>
    </ClInclude>
    <ClInclude Include="libs\spdlog\include\spdlog\sinks\systemd_sink.h">
      <Filter>libs\spdlog\include\spdlog\sinks</Filter>
    </ClInclude>
    <ClInclude Include="libs\spdlog\include\spdlog\sinks\wincolor_sink-inl.h">
      <Filter>libs\spdlog\include\spdlog\sinks</Filter>
    </ClInclude>
    <ClInclude Include="libs\spdlog\include\spdlog\sinks\wincolor_sink.h">
      <Filter>libs\spdlog\include\spdlog\sinks</Filter>
    </ClInclude>
    <ClInclude Include="libs\spdlog\include\spdlog\spdlog-inl.h">
      <Filter>libs\spdlog\include\spdlog</Filter>
    </ClInclude>
    <ClInclude Include="libs\spdlog\include\spdlog\spdlog.h">
      <Filter>libs\spdlog\include\spdlog</Filter>
    </ClInclude>
    <ClInclude Include="libs\spdlog\include\spdlog\tweakme.h">
      <Filter>libs\spdlog\include\spdlog</Filter>
    </ClInclude>
    <ClInclude Include="libs\spdlog\include\spdlog\version.h">
      <Filter>libs\spdlog\include\spdlog</Filter>
    </ClInclude>
    <ClInclude Include="libs\spdlog\tests\includes.h">
      <Filter>libs\spdlog\tests</Filter>
    </ClInclude>
    <ClInclude Include="libs\spdlog\tests\test_sink.h">
      <Filter>libs\spdlog\tests</Filter>
    </ClInclude>
    <ClInclude Include="libs\spdlog\tests\utils.h">
      <Filter>libs\spdlog\tests</Filter>
    </ClInclude>
  </ItemGroup>
  <ItemGroup>
    <ClCompile Include="src\core\Application.cpp">
      <Filter>src\core</Filter>
    </ClCompile>
    <ClCompile Include="src\core\Log.cpp">
      <Filter>src\core</Filter>
    </ClCompile>
    <ClCompile Include="src\platform\windows\WindowsWindow.cpp">
      <Filter>src\platform\windows</Filter>
    </ClCompile>
    <ClCompile Include="src\tronpch.cpp">
      <Filter>src</Filter>
    </ClCompile>
  </ItemGroup>
</Project>